
Microsoft Visual Studio Solution File, Format Version 12.00
# Visual Studio 14
VisualStudioVersion = 14.0.25420.1
MinimumVisualStudioVersion = 10.0.40219.1
Project("{2150E333-8FDC-42A3-9474-1A3956D46DE8}") = "Infra", "Infra", "{354192E6-8CCC-47BD-A1E7-F2D18C0E5E87}"
EndProject
Project("{2150E333-8FDC-42A3-9474-1A3956D46DE8}") = "Web Application", "Web Application", "{2FB26967-593B-44AD-B6A6-9A76CF144AF9}"
EndProject
Project("{FAE04EC0-301F-11D3-BF4B-00C04F79EFBC}") = "Autenticador.Entities", "Autenticador.Entities\Autenticador.Entities.csproj", "{5C2D11D0-2FFA-4E80-8AEA-2FA82FD323E0}"
EndProject
Project("{FAE04EC0-301F-11D3-BF4B-00C04F79EFBC}") = "Autenticador.DAL", "Autenticador.DAL\Autenticador.DAL.csproj", "{A8963003-DA4B-4D2A-A644-90C3076AD445}"
EndProject
Project("{FAE04EC0-301F-11D3-BF4B-00C04F79EFBC}") = "Autenticador.BLL", "Autenticador.BLL\Autenticador.BLL.csproj", "{15A9548E-FDF2-415C-BDAB-92AEF00A6156}"
EndProject
Project("{FAE04EC0-301F-11D3-BF4B-00C04F79EFBC}") = "Autenticador.Adapters", "Autenticador.Adapters\Autenticador.Adapters.csproj", "{FEA48E22-51E6-4FFB-85F2-CBA98D113317}"
EndProject
Project("{FAE04EC0-301F-11D3-BF4B-00C04F79EFBC}") = "Autenticador.Providers", "Autenticador.Providers\Autenticador.Providers.csproj", "{1086693C-802F-4207-93E5-1EEE66A94988}"
EndProject
Project("{FAE04EC0-301F-11D3-BF4B-00C04F79EFBC}") = "Autenticador.Web.WebProject", "Autenticador.Web.WebProject\Autenticador.Web.WebProject.csproj", "{95843B67-086E-4B19-B769-B3DC8B793CBA}"
EndProject
Project("{2150E333-8FDC-42A3-9474-1A3956D46DE8}") = "Serviços FIM", "Serviços FIM", "{79B76A6B-3126-4082-9096-5ABAF6C32268}"
EndProject
Project("{FAE04EC0-301F-11D3-BF4B-00C04F79EFBC}") = "Autenticador.Jobs", "Autenticador.Jobs\Autenticador.Jobs.csproj", "{2D8084A6-CA17-470B-96FB-68B8853EA3FE}"
EndProject
Project("{FAE04EC0-301F-11D3-BF4B-00C04F79EFBC}") = "Autenticador.QuartzProvider", "Autenticador.Quartz\Autenticador.QuartzProvider.csproj", "{4BE1C2B6-F1B5-4170-A2CA-9E591FA4E8C8}"
EndProject
Project("{FAE04EC0-301F-11D3-BF4B-00C04F79EFBC}") = "SchedulerCoreSSO", "SchedulerCoreSSO\SchedulerCoreSSO.csproj", "{B584D1BB-125D-4324-BEA5-C49A028E9094}"
EndProject
Project("{FAE04EC0-301F-11D3-BF4B-00C04F79EFBC}") = "AutenticadorAPI.Client", "AutenticadorAPI.Client\AutenticadorAPI.Client.csproj", "{8902D009-7ABB-4EF7-B225-E3D777A6D29D}"
EndProject
Project("{FAE04EC0-301F-11D3-BF4B-00C04F79EFBC}") = "AutenticadorAPI.DTO", "AutenticadorAPI.DTO\AutenticadorAPI.DTO.csproj", "{3B365B31-CDE6-4F7D-9BAD-4DAC224CF815}"
EndProject
Project("{FAE04EC0-301F-11D3-BF4B-00C04F79EFBC}") = "AutenticadorV2.API", "AutenticadorV2.API\AutenticadorV2.API.csproj", "{03A54CF9-4A5E-4F91-9B33-2C4BDFB50D07}"
EndProject
Project("{FAE04EC0-301F-11D3-BF4B-00C04F79EFBC}") = "AutenticadorV2.Entities", "AutenticadorV2.Entities\AutenticadorV2.Entities.csproj", "{FB8D305E-4CBF-419F-A1CA-6102712752EE}"
EndProject
Project("{FAE04EC0-301F-11D3-BF4B-00C04F79EFBC}") = "AutenticadorV2.Infra", "AutenticadorV2.Infra\AutenticadorV2.Infra.csproj", "{6611C3E6-D0C0-46C4-894E-CA1F3FE5622E}"
EndProject
Project("{2150E333-8FDC-42A3-9474-1A3956D46DE8}") = "WebService", "WebService", "{8D0C1AD1-BB5B-4E13-94B0-577118BA5362}"
EndProject
Project("{FAE04EC0-301F-11D3-BF4B-00C04F79EFBC}") = "Autenticador.WebServices.Adapter", "Autenticador.WebServices.Adapter\Autenticador.WebServices.Adapter.csproj", "{E8B132A4-1C54-4F60-8B84-2644CC9D1086}"
EndProject
Project("{FAE04EC0-301F-11D3-BF4B-00C04F79EFBC}") = "Autenticador.WebServices.Consumer", "Autenticador.WebServices.Consumer\Autenticador.WebServices.Consumer.csproj", "{47A0ABB9-333B-4BB4-BA2E-A973895FAF28}"
EndProject
Project("{2150E333-8FDC-42A3-9474-1A3956D46DE8}") = "Console Application", "Console Application", "{88360CFA-75B0-4744-AA0B-97A01503ECEB}"
EndProject
Project("{FAE04EC0-301F-11D3-BF4B-00C04F79EFBC}") = "ExpiraSenhaPadrao", "ExpiraSenhaPadrao\ExpiraSenhaPadrao.csproj", "{829BF3FE-2784-4427-92EA-137D1E134FBC}"
EndProject
Project("{2150E333-8FDC-42A3-9474-1A3956D46DE8}") = ".solution items", ".solution items", "{DA85EFB9-1DBC-4E0C-BD05-0E85A77F06F2}"
EndProject
Project("{FAE04EC0-301F-11D3-BF4B-00C04F79EFBC}") = "Autenticador.UserControlLibrary", "Autenticador.UserControlLibrary\Autenticador.UserControlLibrary.csproj", "{6D154CDD-943D-4B25-BC0E-0B9007148230}"
EndProject
Project("{FAE04EC0-301F-11D3-BF4B-00C04F79EFBC}") = "AutenticadorLibrary", "AutenticadorLibrary\AutenticadorLibrary.csproj", "{59BD721A-A2A7-458E-9976-1EF19B2768D3}"
EndProject
Project("{FAE04EC0-301F-11D3-BF4B-00C04F79EFBC}") = "AutenticadorAPI", "AutenticadorAPI\AutenticadorAPI.csproj", "{F64F3CB5-CEED-4096-8A8B-9A0993E90F5A}"
EndProject
Project("{FAE04EC0-301F-11D3-BF4B-00C04F79EFBC}") = "Autenticador.FIM.PasswordManagement", "Autenticador.FIM.PasswordManagement\Autenticador.FIM.PasswordManagement.csproj", "{6C34F657-CAAC-4C8C-9A0D-FE5C9213EC57}"
EndProject
Project("{FAE04EC0-301F-11D3-BF4B-00C04F79EFBC}") = "AutenticadorWebSite", "AutenticadorWebSite\AutenticadorWebSite.csproj", "{F584F2A7-AFD6-4EE1-948B-98C186E1CE81}"
EndProject
Project("{2150E333-8FDC-42A3-9474-1A3956D46DE8}") = "_External_Dependencies", "_External_Dependencies", "{FC86C2A8-14A3-4F0F-8AFD-69B9A8DD9238}"
	ProjectSection(SolutionItems) = preProject
		_External_Dependencies\C5.dll = _External_Dependencies\C5.dll
		_External_Dependencies\Common.Logging.dll = _External_Dependencies\Common.Logging.dll
		_External_Dependencies\Microsoft.MetadirectoryServices.dll = _External_Dependencies\Microsoft.MetadirectoryServices.dll
		_External_Dependencies\Microsoft.MetadirectoryServicesEx.dll = _External_Dependencies\Microsoft.MetadirectoryServicesEx.dll
		_External_Dependencies\Microsoft.SqlServer.ConnectionInfo.dll = _External_Dependencies\Microsoft.SqlServer.ConnectionInfo.dll
		_External_Dependencies\Microsoft.SqlServer.Management.Sdk.Sfc.dll = _External_Dependencies\Microsoft.SqlServer.Management.Sdk.Sfc.dll
		_External_Dependencies\Microsoft.SqlServer.Smo.dll = _External_Dependencies\Microsoft.SqlServer.Smo.dll
		_External_Dependencies\Microsoft.SqlServer.SqlEnum.dll = _External_Dependencies\Microsoft.SqlServer.SqlEnum.dll
		_External_Dependencies\Microsoft.Web.Administration.dll = _External_Dependencies\Microsoft.Web.Administration.dll
		_External_Dependencies\Quartz.dll = _External_Dependencies\Quartz.dll
	EndProjectSection
EndProject
Project("{2150E333-8FDC-42A3-9474-1A3956D46DE8}") = ".build", ".build", "{FACF6869-529A-419E-8CDD-F1E9A81DE45C}"
	ProjectSection(SolutionItems) = preProject
		..\build.cake = ..\build.cake
		..\build.ps1 = ..\build.ps1
		..\gitversion.yml = ..\gitversion.yml
	EndProjectSection
EndProject
Project("{2150E333-8FDC-42A3-9474-1A3956D46DE8}") = ".git", ".git", "{0E6386AE-EA93-4F65-8B1A-17A357F82D0D}"
	ProjectSection(SolutionItems) = preProject
		..\.gitattributes = ..\.gitattributes
		..\.gitignore = ..\.gitignore
	EndProjectSection
EndProject
Project("{2150E333-8FDC-42A3-9474-1A3956D46DE8}") = "build", "build", "{35421039-CF08-4647-9707-E6A10CE2AAC5}"
	ProjectSection(SolutionItems) = preProject
		..\build\build-tasks.wpp.targets = ..\build\build-tasks.wpp.targets
		..\build\buildsettings.json = ..\build\buildsettings.json
		..\build\ms-helpers.cake = ..\build\ms-helpers.cake
		..\build\ms-tasks.cake = ..\build\ms-tasks.cake
		..\build\upload-nexus-raw.ps1 = ..\build\upload-nexus-raw.ps1
	EndProjectSection
EndProject
Project("{2150E333-8FDC-42A3-9474-1A3956D46DE8}") = "tools", "tools", "{DEEF14CB-FF21-4E3B-A085-8AD3870ADBFB}"
	ProjectSection(SolutionItems) = preProject
		..\tools\packages.config = ..\tools\packages.config
	EndProjectSection
EndProject
Project("{2150E333-8FDC-42A3-9474-1A3956D46DE8}") = "Database", "Database", "{839ED792-E90A-40D2-80D2-63EF543E0F3B}"
EndProject
Project("{FAE04EC0-301F-11D3-BF4B-00C04F79EFBC}") = "DbUpdater", "DbUpdater\DbUpdater.csproj", "{556E9FB5-CD7A-4ED6-8E58-4CB456CEB8BB}"
EndProject
Project("{FAE04EC0-301F-11D3-BF4B-00C04F79EFBC}") = "CoreSSO.Database", "CoreSSO.Database\CoreSSO.Database.csproj", "{75471803-1DEC-44AE-8699-DAFE1334BFBF}"
EndProject
Project("{FAE04EC0-301F-11D3-BF4B-00C04F79EFBC}") = "CoreSSOLog.Database", "CoreSSOLog.Database\CoreSSOLog.Database.csproj", "{3EC72846-1BA2-44CF-9511-D7622607589A}"
EndProject
Project("{FAE04EC0-301F-11D3-BF4B-00C04F79EFBC}") = "CoreIDS.Database", "CoreIDS.Database\CoreIDS.Database.csproj", "{3BF79376-C31F-4778-A7CB-C7E7CB524016}"
EndProject
Global
	GlobalSection(SolutionConfigurationPlatforms) = preSolution
		Debug|Any CPU = Debug|Any CPU
		Debug|Mixed Platforms = Debug|Mixed Platforms
		Debug|x86 = Debug|x86
		DebugLocal|Any CPU = DebugLocal|Any CPU
		DebugLocal|Mixed Platforms = DebugLocal|Mixed Platforms
		DebugLocal|x86 = DebugLocal|x86
		Release|Any CPU = Release|Any CPU
		Release|Mixed Platforms = Release|Mixed Platforms
		Release|x86 = Release|x86
	EndGlobalSection
	GlobalSection(ProjectConfigurationPlatforms) = postSolution
		{5C2D11D0-2FFA-4E80-8AEA-2FA82FD323E0}.Debug|Any CPU.ActiveCfg = Debug|Any CPU
		{5C2D11D0-2FFA-4E80-8AEA-2FA82FD323E0}.Debug|Any CPU.Build.0 = Debug|Any CPU
		{5C2D11D0-2FFA-4E80-8AEA-2FA82FD323E0}.Debug|Mixed Platforms.ActiveCfg = Debug|Any CPU
		{5C2D11D0-2FFA-4E80-8AEA-2FA82FD323E0}.Debug|Mixed Platforms.Build.0 = Debug|Any CPU
		{5C2D11D0-2FFA-4E80-8AEA-2FA82FD323E0}.Debug|x86.ActiveCfg = Debug|Any CPU
		{5C2D11D0-2FFA-4E80-8AEA-2FA82FD323E0}.DebugLocal|Any CPU.ActiveCfg = Debug|Any CPU
		{5C2D11D0-2FFA-4E80-8AEA-2FA82FD323E0}.DebugLocal|Any CPU.Build.0 = Debug|Any CPU
		{5C2D11D0-2FFA-4E80-8AEA-2FA82FD323E0}.DebugLocal|Mixed Platforms.ActiveCfg = Debug|Any CPU
		{5C2D11D0-2FFA-4E80-8AEA-2FA82FD323E0}.DebugLocal|Mixed Platforms.Build.0 = Debug|Any CPU
		{5C2D11D0-2FFA-4E80-8AEA-2FA82FD323E0}.DebugLocal|x86.ActiveCfg = Debug|Any CPU
		{5C2D11D0-2FFA-4E80-8AEA-2FA82FD323E0}.Release|Any CPU.ActiveCfg = Debug|Any CPU
		{5C2D11D0-2FFA-4E80-8AEA-2FA82FD323E0}.Release|Any CPU.Build.0 = Debug|Any CPU
		{5C2D11D0-2FFA-4E80-8AEA-2FA82FD323E0}.Release|Mixed Platforms.ActiveCfg = Release|Any CPU
		{5C2D11D0-2FFA-4E80-8AEA-2FA82FD323E0}.Release|Mixed Platforms.Build.0 = Release|Any CPU
		{5C2D11D0-2FFA-4E80-8AEA-2FA82FD323E0}.Release|x86.ActiveCfg = Release|Any CPU
		{5C2D11D0-2FFA-4E80-8AEA-2FA82FD323E0}.Release|x86.Build.0 = Release|Any CPU
		{A8963003-DA4B-4D2A-A644-90C3076AD445}.Debug|Any CPU.ActiveCfg = Debug|Any CPU
		{A8963003-DA4B-4D2A-A644-90C3076AD445}.Debug|Any CPU.Build.0 = Debug|Any CPU
		{A8963003-DA4B-4D2A-A644-90C3076AD445}.Debug|Mixed Platforms.ActiveCfg = Debug|Any CPU
		{A8963003-DA4B-4D2A-A644-90C3076AD445}.Debug|Mixed Platforms.Build.0 = Debug|Any CPU
		{A8963003-DA4B-4D2A-A644-90C3076AD445}.Debug|x86.ActiveCfg = Debug|Any CPU
		{A8963003-DA4B-4D2A-A644-90C3076AD445}.DebugLocal|Any CPU.ActiveCfg = Debug|Any CPU
		{A8963003-DA4B-4D2A-A644-90C3076AD445}.DebugLocal|Any CPU.Build.0 = Debug|Any CPU
		{A8963003-DA4B-4D2A-A644-90C3076AD445}.DebugLocal|Mixed Platforms.ActiveCfg = Debug|Any CPU
		{A8963003-DA4B-4D2A-A644-90C3076AD445}.DebugLocal|Mixed Platforms.Build.0 = Debug|Any CPU
		{A8963003-DA4B-4D2A-A644-90C3076AD445}.DebugLocal|x86.ActiveCfg = Debug|Any CPU
		{A8963003-DA4B-4D2A-A644-90C3076AD445}.Release|Any CPU.ActiveCfg = Debug|Any CPU
		{A8963003-DA4B-4D2A-A644-90C3076AD445}.Release|Any CPU.Build.0 = Debug|Any CPU
		{A8963003-DA4B-4D2A-A644-90C3076AD445}.Release|Mixed Platforms.ActiveCfg = Release|Any CPU
		{A8963003-DA4B-4D2A-A644-90C3076AD445}.Release|Mixed Platforms.Build.0 = Release|Any CPU
		{A8963003-DA4B-4D2A-A644-90C3076AD445}.Release|x86.ActiveCfg = Release|Any CPU
		{A8963003-DA4B-4D2A-A644-90C3076AD445}.Release|x86.Build.0 = Release|Any CPU
		{15A9548E-FDF2-415C-BDAB-92AEF00A6156}.Debug|Any CPU.ActiveCfg = Debug|Any CPU
		{15A9548E-FDF2-415C-BDAB-92AEF00A6156}.Debug|Any CPU.Build.0 = Debug|Any CPU
		{15A9548E-FDF2-415C-BDAB-92AEF00A6156}.Debug|Mixed Platforms.ActiveCfg = Debug|Any CPU
		{15A9548E-FDF2-415C-BDAB-92AEF00A6156}.Debug|Mixed Platforms.Build.0 = Debug|Any CPU
		{15A9548E-FDF2-415C-BDAB-92AEF00A6156}.Debug|x86.ActiveCfg = Debug|Any CPU
		{15A9548E-FDF2-415C-BDAB-92AEF00A6156}.DebugLocal|Any CPU.ActiveCfg = Debug|Any CPU
		{15A9548E-FDF2-415C-BDAB-92AEF00A6156}.DebugLocal|Any CPU.Build.0 = Debug|Any CPU
		{15A9548E-FDF2-415C-BDAB-92AEF00A6156}.DebugLocal|Mixed Platforms.ActiveCfg = Debug|Any CPU
		{15A9548E-FDF2-415C-BDAB-92AEF00A6156}.DebugLocal|Mixed Platforms.Build.0 = Debug|Any CPU
		{15A9548E-FDF2-415C-BDAB-92AEF00A6156}.DebugLocal|x86.ActiveCfg = Debug|Any CPU
		{15A9548E-FDF2-415C-BDAB-92AEF00A6156}.Release|Any CPU.ActiveCfg = Debug|Any CPU
		{15A9548E-FDF2-415C-BDAB-92AEF00A6156}.Release|Any CPU.Build.0 = Debug|Any CPU
		{15A9548E-FDF2-415C-BDAB-92AEF00A6156}.Release|Mixed Platforms.ActiveCfg = Release|Any CPU
		{15A9548E-FDF2-415C-BDAB-92AEF00A6156}.Release|Mixed Platforms.Build.0 = Release|Any CPU
		{15A9548E-FDF2-415C-BDAB-92AEF00A6156}.Release|x86.ActiveCfg = Release|Any CPU
		{15A9548E-FDF2-415C-BDAB-92AEF00A6156}.Release|x86.Build.0 = Release|Any CPU
		{FEA48E22-51E6-4FFB-85F2-CBA98D113317}.Debug|Any CPU.ActiveCfg = Debug|Any CPU
		{FEA48E22-51E6-4FFB-85F2-CBA98D113317}.Debug|Any CPU.Build.0 = Debug|Any CPU
		{FEA48E22-51E6-4FFB-85F2-CBA98D113317}.Debug|Mixed Platforms.ActiveCfg = Debug|Any CPU
		{FEA48E22-51E6-4FFB-85F2-CBA98D113317}.Debug|Mixed Platforms.Build.0 = Debug|Any CPU
		{FEA48E22-51E6-4FFB-85F2-CBA98D113317}.Debug|x86.ActiveCfg = Debug|Any CPU
		{FEA48E22-51E6-4FFB-85F2-CBA98D113317}.DebugLocal|Any CPU.ActiveCfg = Debug|Any CPU
		{FEA48E22-51E6-4FFB-85F2-CBA98D113317}.DebugLocal|Any CPU.Build.0 = Debug|Any CPU
		{FEA48E22-51E6-4FFB-85F2-CBA98D113317}.DebugLocal|Mixed Platforms.ActiveCfg = Debug|Any CPU
		{FEA48E22-51E6-4FFB-85F2-CBA98D113317}.DebugLocal|Mixed Platforms.Build.0 = Debug|Any CPU
		{FEA48E22-51E6-4FFB-85F2-CBA98D113317}.DebugLocal|x86.ActiveCfg = Debug|Any CPU
		{FEA48E22-51E6-4FFB-85F2-CBA98D113317}.Release|Any CPU.ActiveCfg = Debug|Any CPU
		{FEA48E22-51E6-4FFB-85F2-CBA98D113317}.Release|Any CPU.Build.0 = Debug|Any CPU
		{FEA48E22-51E6-4FFB-85F2-CBA98D113317}.Release|Mixed Platforms.ActiveCfg = Release|Any CPU
		{FEA48E22-51E6-4FFB-85F2-CBA98D113317}.Release|Mixed Platforms.Build.0 = Release|Any CPU
		{FEA48E22-51E6-4FFB-85F2-CBA98D113317}.Release|x86.ActiveCfg = Release|Any CPU
		{FEA48E22-51E6-4FFB-85F2-CBA98D113317}.Release|x86.Build.0 = Release|Any CPU
		{1086693C-802F-4207-93E5-1EEE66A94988}.Debug|Any CPU.ActiveCfg = Debug|Any CPU
		{1086693C-802F-4207-93E5-1EEE66A94988}.Debug|Any CPU.Build.0 = Debug|Any CPU
		{1086693C-802F-4207-93E5-1EEE66A94988}.Debug|Mixed Platforms.ActiveCfg = Debug|Any CPU
		{1086693C-802F-4207-93E5-1EEE66A94988}.Debug|Mixed Platforms.Build.0 = Debug|Any CPU
		{1086693C-802F-4207-93E5-1EEE66A94988}.Debug|x86.ActiveCfg = Debug|Any CPU
		{1086693C-802F-4207-93E5-1EEE66A94988}.DebugLocal|Any CPU.ActiveCfg = Debug|Any CPU
		{1086693C-802F-4207-93E5-1EEE66A94988}.DebugLocal|Any CPU.Build.0 = Debug|Any CPU
		{1086693C-802F-4207-93E5-1EEE66A94988}.DebugLocal|Mixed Platforms.ActiveCfg = Debug|Any CPU
		{1086693C-802F-4207-93E5-1EEE66A94988}.DebugLocal|Mixed Platforms.Build.0 = Debug|Any CPU
		{1086693C-802F-4207-93E5-1EEE66A94988}.DebugLocal|x86.ActiveCfg = Debug|Any CPU
		{1086693C-802F-4207-93E5-1EEE66A94988}.Release|Any CPU.ActiveCfg = Debug|Any CPU
		{1086693C-802F-4207-93E5-1EEE66A94988}.Release|Any CPU.Build.0 = Debug|Any CPU
		{1086693C-802F-4207-93E5-1EEE66A94988}.Release|Mixed Platforms.ActiveCfg = Release|Any CPU
		{1086693C-802F-4207-93E5-1EEE66A94988}.Release|Mixed Platforms.Build.0 = Release|Any CPU
		{1086693C-802F-4207-93E5-1EEE66A94988}.Release|x86.ActiveCfg = Release|Any CPU
		{1086693C-802F-4207-93E5-1EEE66A94988}.Release|x86.Build.0 = Release|Any CPU
		{95843B67-086E-4B19-B769-B3DC8B793CBA}.Debug|Any CPU.ActiveCfg = Debug|Any CPU
		{95843B67-086E-4B19-B769-B3DC8B793CBA}.Debug|Any CPU.Build.0 = Debug|Any CPU
		{95843B67-086E-4B19-B769-B3DC8B793CBA}.Debug|Mixed Platforms.ActiveCfg = Debug|Any CPU
		{95843B67-086E-4B19-B769-B3DC8B793CBA}.Debug|Mixed Platforms.Build.0 = Debug|Any CPU
		{95843B67-086E-4B19-B769-B3DC8B793CBA}.Debug|x86.ActiveCfg = Debug|Any CPU
		{95843B67-086E-4B19-B769-B3DC8B793CBA}.DebugLocal|Any CPU.ActiveCfg = Debug|Any CPU
		{95843B67-086E-4B19-B769-B3DC8B793CBA}.DebugLocal|Any CPU.Build.0 = Debug|Any CPU
		{95843B67-086E-4B19-B769-B3DC8B793CBA}.DebugLocal|Mixed Platforms.ActiveCfg = Debug|Any CPU
		{95843B67-086E-4B19-B769-B3DC8B793CBA}.DebugLocal|Mixed Platforms.Build.0 = Debug|Any CPU
		{95843B67-086E-4B19-B769-B3DC8B793CBA}.DebugLocal|x86.ActiveCfg = Debug|Any CPU
		{95843B67-086E-4B19-B769-B3DC8B793CBA}.Release|Any CPU.ActiveCfg = Debug|Any CPU
		{95843B67-086E-4B19-B769-B3DC8B793CBA}.Release|Any CPU.Build.0 = Debug|Any CPU
		{95843B67-086E-4B19-B769-B3DC8B793CBA}.Release|Mixed Platforms.ActiveCfg = Release|Any CPU
		{95843B67-086E-4B19-B769-B3DC8B793CBA}.Release|Mixed Platforms.Build.0 = Release|Any CPU
		{95843B67-086E-4B19-B769-B3DC8B793CBA}.Release|x86.ActiveCfg = Release|Any CPU
		{95843B67-086E-4B19-B769-B3DC8B793CBA}.Release|x86.Build.0 = Release|Any CPU
		{2D8084A6-CA17-470B-96FB-68B8853EA3FE}.Debug|Any CPU.ActiveCfg = Debug|Any CPU
		{2D8084A6-CA17-470B-96FB-68B8853EA3FE}.Debug|Any CPU.Build.0 = Debug|Any CPU
		{2D8084A6-CA17-470B-96FB-68B8853EA3FE}.Debug|Mixed Platforms.ActiveCfg = Debug|Any CPU
		{2D8084A6-CA17-470B-96FB-68B8853EA3FE}.Debug|Mixed Platforms.Build.0 = Debug|Any CPU
		{2D8084A6-CA17-470B-96FB-68B8853EA3FE}.Debug|x86.ActiveCfg = Debug|Any CPU
		{2D8084A6-CA17-470B-96FB-68B8853EA3FE}.DebugLocal|Any CPU.ActiveCfg = Debug|Any CPU
		{2D8084A6-CA17-470B-96FB-68B8853EA3FE}.DebugLocal|Any CPU.Build.0 = Debug|Any CPU
		{2D8084A6-CA17-470B-96FB-68B8853EA3FE}.DebugLocal|Mixed Platforms.ActiveCfg = Debug|Any CPU
		{2D8084A6-CA17-470B-96FB-68B8853EA3FE}.DebugLocal|Mixed Platforms.Build.0 = Debug|Any CPU
		{2D8084A6-CA17-470B-96FB-68B8853EA3FE}.DebugLocal|x86.ActiveCfg = Debug|Any CPU
		{2D8084A6-CA17-470B-96FB-68B8853EA3FE}.Release|Any CPU.ActiveCfg = Release|Any CPU
		{2D8084A6-CA17-470B-96FB-68B8853EA3FE}.Release|Any CPU.Build.0 = Release|Any CPU
		{2D8084A6-CA17-470B-96FB-68B8853EA3FE}.Release|Mixed Platforms.ActiveCfg = Release|Any CPU
		{2D8084A6-CA17-470B-96FB-68B8853EA3FE}.Release|Mixed Platforms.Build.0 = Release|Any CPU
		{2D8084A6-CA17-470B-96FB-68B8853EA3FE}.Release|x86.ActiveCfg = Release|Any CPU
		{2D8084A6-CA17-470B-96FB-68B8853EA3FE}.Release|x86.Build.0 = Release|Any CPU
		{4BE1C2B6-F1B5-4170-A2CA-9E591FA4E8C8}.Debug|Any CPU.ActiveCfg = Debug|Any CPU
		{4BE1C2B6-F1B5-4170-A2CA-9E591FA4E8C8}.Debug|Any CPU.Build.0 = Debug|Any CPU
		{4BE1C2B6-F1B5-4170-A2CA-9E591FA4E8C8}.Debug|Mixed Platforms.ActiveCfg = Debug|Any CPU
		{4BE1C2B6-F1B5-4170-A2CA-9E591FA4E8C8}.Debug|Mixed Platforms.Build.0 = Debug|Any CPU
		{4BE1C2B6-F1B5-4170-A2CA-9E591FA4E8C8}.Debug|x86.ActiveCfg = Debug|Any CPU
		{4BE1C2B6-F1B5-4170-A2CA-9E591FA4E8C8}.DebugLocal|Any CPU.ActiveCfg = Debug|Any CPU
		{4BE1C2B6-F1B5-4170-A2CA-9E591FA4E8C8}.DebugLocal|Any CPU.Build.0 = Debug|Any CPU
		{4BE1C2B6-F1B5-4170-A2CA-9E591FA4E8C8}.DebugLocal|Mixed Platforms.ActiveCfg = Debug|Any CPU
		{4BE1C2B6-F1B5-4170-A2CA-9E591FA4E8C8}.DebugLocal|Mixed Platforms.Build.0 = Debug|Any CPU
		{4BE1C2B6-F1B5-4170-A2CA-9E591FA4E8C8}.DebugLocal|x86.ActiveCfg = Debug|Any CPU
		{4BE1C2B6-F1B5-4170-A2CA-9E591FA4E8C8}.Release|Any CPU.ActiveCfg = Release|Any CPU
		{4BE1C2B6-F1B5-4170-A2CA-9E591FA4E8C8}.Release|Any CPU.Build.0 = Release|Any CPU
		{4BE1C2B6-F1B5-4170-A2CA-9E591FA4E8C8}.Release|Mixed Platforms.ActiveCfg = Release|Any CPU
		{4BE1C2B6-F1B5-4170-A2CA-9E591FA4E8C8}.Release|Mixed Platforms.Build.0 = Release|Any CPU
		{4BE1C2B6-F1B5-4170-A2CA-9E591FA4E8C8}.Release|x86.ActiveCfg = Release|Any CPU
		{4BE1C2B6-F1B5-4170-A2CA-9E591FA4E8C8}.Release|x86.Build.0 = Release|Any CPU
		{B584D1BB-125D-4324-BEA5-C49A028E9094}.Debug|Any CPU.ActiveCfg = Debug|Any CPU
		{B584D1BB-125D-4324-BEA5-C49A028E9094}.Debug|Any CPU.Build.0 = Debug|Any CPU
		{B584D1BB-125D-4324-BEA5-C49A028E9094}.Debug|Mixed Platforms.ActiveCfg = Debug|Any CPU
		{B584D1BB-125D-4324-BEA5-C49A028E9094}.Debug|Mixed Platforms.Build.0 = Debug|Any CPU
		{B584D1BB-125D-4324-BEA5-C49A028E9094}.Debug|x86.ActiveCfg = Debug|Any CPU
		{B584D1BB-125D-4324-BEA5-C49A028E9094}.DebugLocal|Any CPU.ActiveCfg = Debug|Any CPU
		{B584D1BB-125D-4324-BEA5-C49A028E9094}.DebugLocal|Any CPU.Build.0 = Debug|Any CPU
		{B584D1BB-125D-4324-BEA5-C49A028E9094}.DebugLocal|Mixed Platforms.ActiveCfg = Debug|Any CPU
		{B584D1BB-125D-4324-BEA5-C49A028E9094}.DebugLocal|Mixed Platforms.Build.0 = Debug|Any CPU
		{B584D1BB-125D-4324-BEA5-C49A028E9094}.DebugLocal|x86.ActiveCfg = Debug|Any CPU
		{B584D1BB-125D-4324-BEA5-C49A028E9094}.Release|Any CPU.ActiveCfg = Release|Any CPU
		{B584D1BB-125D-4324-BEA5-C49A028E9094}.Release|Any CPU.Build.0 = Release|Any CPU
		{B584D1BB-125D-4324-BEA5-C49A028E9094}.Release|Mixed Platforms.ActiveCfg = Release|Any CPU
		{B584D1BB-125D-4324-BEA5-C49A028E9094}.Release|Mixed Platforms.Build.0 = Release|Any CPU
		{B584D1BB-125D-4324-BEA5-C49A028E9094}.Release|x86.ActiveCfg = Release|Any CPU
		{B584D1BB-125D-4324-BEA5-C49A028E9094}.Release|x86.Build.0 = Release|Any CPU
		{8902D009-7ABB-4EF7-B225-E3D777A6D29D}.Debug|Any CPU.ActiveCfg = Debug|Any CPU
		{8902D009-7ABB-4EF7-B225-E3D777A6D29D}.Debug|Any CPU.Build.0 = Debug|Any CPU
		{8902D009-7ABB-4EF7-B225-E3D777A6D29D}.Debug|Mixed Platforms.ActiveCfg = Debug|Any CPU
		{8902D009-7ABB-4EF7-B225-E3D777A6D29D}.Debug|Mixed Platforms.Build.0 = Debug|Any CPU
		{8902D009-7ABB-4EF7-B225-E3D777A6D29D}.Debug|x86.ActiveCfg = Debug|Any CPU
		{8902D009-7ABB-4EF7-B225-E3D777A6D29D}.DebugLocal|Any CPU.ActiveCfg = Debug|Any CPU
		{8902D009-7ABB-4EF7-B225-E3D777A6D29D}.DebugLocal|Any CPU.Build.0 = Debug|Any CPU
		{8902D009-7ABB-4EF7-B225-E3D777A6D29D}.DebugLocal|Mixed Platforms.ActiveCfg = Debug|Any CPU
		{8902D009-7ABB-4EF7-B225-E3D777A6D29D}.DebugLocal|Mixed Platforms.Build.0 = Debug|Any CPU
		{8902D009-7ABB-4EF7-B225-E3D777A6D29D}.DebugLocal|x86.ActiveCfg = Debug|Any CPU
		{8902D009-7ABB-4EF7-B225-E3D777A6D29D}.Release|Any CPU.ActiveCfg = Release|Any CPU
		{8902D009-7ABB-4EF7-B225-E3D777A6D29D}.Release|Any CPU.Build.0 = Release|Any CPU
		{8902D009-7ABB-4EF7-B225-E3D777A6D29D}.Release|Mixed Platforms.ActiveCfg = Release|Any CPU
		{8902D009-7ABB-4EF7-B225-E3D777A6D29D}.Release|Mixed Platforms.Build.0 = Release|Any CPU
		{8902D009-7ABB-4EF7-B225-E3D777A6D29D}.Release|x86.ActiveCfg = Release|Any CPU
		{8902D009-7ABB-4EF7-B225-E3D777A6D29D}.Release|x86.Build.0 = Release|Any CPU
		{3B365B31-CDE6-4F7D-9BAD-4DAC224CF815}.Debug|Any CPU.ActiveCfg = Debug|Any CPU
		{3B365B31-CDE6-4F7D-9BAD-4DAC224CF815}.Debug|Any CPU.Build.0 = Debug|Any CPU
		{3B365B31-CDE6-4F7D-9BAD-4DAC224CF815}.Debug|Mixed Platforms.ActiveCfg = Debug|Any CPU
		{3B365B31-CDE6-4F7D-9BAD-4DAC224CF815}.Debug|Mixed Platforms.Build.0 = Debug|Any CPU
		{3B365B31-CDE6-4F7D-9BAD-4DAC224CF815}.Debug|x86.ActiveCfg = Debug|Any CPU
		{3B365B31-CDE6-4F7D-9BAD-4DAC224CF815}.DebugLocal|Any CPU.ActiveCfg = Debug|Any CPU
		{3B365B31-CDE6-4F7D-9BAD-4DAC224CF815}.DebugLocal|Any CPU.Build.0 = Debug|Any CPU
		{3B365B31-CDE6-4F7D-9BAD-4DAC224CF815}.DebugLocal|Mixed Platforms.ActiveCfg = Debug|Any CPU
		{3B365B31-CDE6-4F7D-9BAD-4DAC224CF815}.DebugLocal|Mixed Platforms.Build.0 = Debug|Any CPU
		{3B365B31-CDE6-4F7D-9BAD-4DAC224CF815}.DebugLocal|x86.ActiveCfg = Debug|Any CPU
		{3B365B31-CDE6-4F7D-9BAD-4DAC224CF815}.Release|Any CPU.ActiveCfg = Release|Any CPU
		{3B365B31-CDE6-4F7D-9BAD-4DAC224CF815}.Release|Any CPU.Build.0 = Release|Any CPU
		{3B365B31-CDE6-4F7D-9BAD-4DAC224CF815}.Release|Mixed Platforms.ActiveCfg = Release|Any CPU
		{3B365B31-CDE6-4F7D-9BAD-4DAC224CF815}.Release|Mixed Platforms.Build.0 = Release|Any CPU
		{3B365B31-CDE6-4F7D-9BAD-4DAC224CF815}.Release|x86.ActiveCfg = Release|Any CPU
		{3B365B31-CDE6-4F7D-9BAD-4DAC224CF815}.Release|x86.Build.0 = Release|Any CPU
		{03A54CF9-4A5E-4F91-9B33-2C4BDFB50D07}.Debug|Any CPU.ActiveCfg = Debug|Any CPU
		{03A54CF9-4A5E-4F91-9B33-2C4BDFB50D07}.Debug|Any CPU.Build.0 = Debug|Any CPU
		{03A54CF9-4A5E-4F91-9B33-2C4BDFB50D07}.Debug|Mixed Platforms.ActiveCfg = Debug|Any CPU
		{03A54CF9-4A5E-4F91-9B33-2C4BDFB50D07}.Debug|Mixed Platforms.Build.0 = Debug|Any CPU
		{03A54CF9-4A5E-4F91-9B33-2C4BDFB50D07}.Debug|x86.ActiveCfg = Debug|Any CPU
		{03A54CF9-4A5E-4F91-9B33-2C4BDFB50D07}.Debug|x86.Build.0 = Debug|Any CPU
		{03A54CF9-4A5E-4F91-9B33-2C4BDFB50D07}.DebugLocal|Any CPU.ActiveCfg = Debug|Any CPU
		{03A54CF9-4A5E-4F91-9B33-2C4BDFB50D07}.DebugLocal|Any CPU.Build.0 = Debug|Any CPU
		{03A54CF9-4A5E-4F91-9B33-2C4BDFB50D07}.DebugLocal|Mixed Platforms.ActiveCfg = Debug|Any CPU
		{03A54CF9-4A5E-4F91-9B33-2C4BDFB50D07}.DebugLocal|Mixed Platforms.Build.0 = Debug|Any CPU
		{03A54CF9-4A5E-4F91-9B33-2C4BDFB50D07}.DebugLocal|x86.ActiveCfg = Debug|Any CPU
		{03A54CF9-4A5E-4F91-9B33-2C4BDFB50D07}.DebugLocal|x86.Build.0 = Debug|Any CPU
		{03A54CF9-4A5E-4F91-9B33-2C4BDFB50D07}.Release|Any CPU.ActiveCfg = Release|Any CPU
		{03A54CF9-4A5E-4F91-9B33-2C4BDFB50D07}.Release|Any CPU.Build.0 = Release|Any CPU
		{03A54CF9-4A5E-4F91-9B33-2C4BDFB50D07}.Release|Mixed Platforms.ActiveCfg = Release|Any CPU
		{03A54CF9-4A5E-4F91-9B33-2C4BDFB50D07}.Release|Mixed Platforms.Build.0 = Release|Any CPU
		{03A54CF9-4A5E-4F91-9B33-2C4BDFB50D07}.Release|x86.ActiveCfg = Release|Any CPU
		{03A54CF9-4A5E-4F91-9B33-2C4BDFB50D07}.Release|x86.Build.0 = Release|Any CPU
		{FB8D305E-4CBF-419F-A1CA-6102712752EE}.Debug|Any CPU.ActiveCfg = Debug|Any CPU
		{FB8D305E-4CBF-419F-A1CA-6102712752EE}.Debug|Any CPU.Build.0 = Debug|Any CPU
		{FB8D305E-4CBF-419F-A1CA-6102712752EE}.Debug|Mixed Platforms.ActiveCfg = Debug|Any CPU
		{FB8D305E-4CBF-419F-A1CA-6102712752EE}.Debug|Mixed Platforms.Build.0 = Debug|Any CPU
		{FB8D305E-4CBF-419F-A1CA-6102712752EE}.Debug|x86.ActiveCfg = Debug|Any CPU
		{FB8D305E-4CBF-419F-A1CA-6102712752EE}.Debug|x86.Build.0 = Debug|Any CPU
		{FB8D305E-4CBF-419F-A1CA-6102712752EE}.DebugLocal|Any CPU.ActiveCfg = Debug|Any CPU
		{FB8D305E-4CBF-419F-A1CA-6102712752EE}.DebugLocal|Any CPU.Build.0 = Debug|Any CPU
		{FB8D305E-4CBF-419F-A1CA-6102712752EE}.DebugLocal|Mixed Platforms.ActiveCfg = Debug|Any CPU
		{FB8D305E-4CBF-419F-A1CA-6102712752EE}.DebugLocal|Mixed Platforms.Build.0 = Debug|Any CPU
		{FB8D305E-4CBF-419F-A1CA-6102712752EE}.DebugLocal|x86.ActiveCfg = Debug|Any CPU
		{FB8D305E-4CBF-419F-A1CA-6102712752EE}.DebugLocal|x86.Build.0 = Debug|Any CPU
		{FB8D305E-4CBF-419F-A1CA-6102712752EE}.Release|Any CPU.ActiveCfg = Release|Any CPU
		{FB8D305E-4CBF-419F-A1CA-6102712752EE}.Release|Any CPU.Build.0 = Release|Any CPU
		{FB8D305E-4CBF-419F-A1CA-6102712752EE}.Release|Mixed Platforms.ActiveCfg = Release|Any CPU
		{FB8D305E-4CBF-419F-A1CA-6102712752EE}.Release|Mixed Platforms.Build.0 = Release|Any CPU
		{FB8D305E-4CBF-419F-A1CA-6102712752EE}.Release|x86.ActiveCfg = Release|Any CPU
		{FB8D305E-4CBF-419F-A1CA-6102712752EE}.Release|x86.Build.0 = Release|Any CPU
		{6611C3E6-D0C0-46C4-894E-CA1F3FE5622E}.Debug|Any CPU.ActiveCfg = Debug|Any CPU
		{6611C3E6-D0C0-46C4-894E-CA1F3FE5622E}.Debug|Any CPU.Build.0 = Debug|Any CPU
		{6611C3E6-D0C0-46C4-894E-CA1F3FE5622E}.Debug|Mixed Platforms.ActiveCfg = Debug|Any CPU
		{6611C3E6-D0C0-46C4-894E-CA1F3FE5622E}.Debug|Mixed Platforms.Build.0 = Debug|Any CPU
		{6611C3E6-D0C0-46C4-894E-CA1F3FE5622E}.Debug|x86.ActiveCfg = Debug|Any CPU
		{6611C3E6-D0C0-46C4-894E-CA1F3FE5622E}.Debug|x86.Build.0 = Debug|Any CPU
		{6611C3E6-D0C0-46C4-894E-CA1F3FE5622E}.DebugLocal|Any CPU.ActiveCfg = Debug|Any CPU
		{6611C3E6-D0C0-46C4-894E-CA1F3FE5622E}.DebugLocal|Any CPU.Build.0 = Debug|Any CPU
		{6611C3E6-D0C0-46C4-894E-CA1F3FE5622E}.DebugLocal|Mixed Platforms.ActiveCfg = Debug|Any CPU
		{6611C3E6-D0C0-46C4-894E-CA1F3FE5622E}.DebugLocal|Mixed Platforms.Build.0 = Debug|Any CPU
		{6611C3E6-D0C0-46C4-894E-CA1F3FE5622E}.DebugLocal|x86.ActiveCfg = Debug|Any CPU
		{6611C3E6-D0C0-46C4-894E-CA1F3FE5622E}.DebugLocal|x86.Build.0 = Debug|Any CPU
		{6611C3E6-D0C0-46C4-894E-CA1F3FE5622E}.Release|Any CPU.ActiveCfg = Release|Any CPU
		{6611C3E6-D0C0-46C4-894E-CA1F3FE5622E}.Release|Any CPU.Build.0 = Release|Any CPU
		{6611C3E6-D0C0-46C4-894E-CA1F3FE5622E}.Release|Mixed Platforms.ActiveCfg = Release|Any CPU
		{6611C3E6-D0C0-46C4-894E-CA1F3FE5622E}.Release|Mixed Platforms.Build.0 = Release|Any CPU
		{6611C3E6-D0C0-46C4-894E-CA1F3FE5622E}.Release|x86.ActiveCfg = Release|Any CPU
		{6611C3E6-D0C0-46C4-894E-CA1F3FE5622E}.Release|x86.Build.0 = Release|Any CPU
		{E8B132A4-1C54-4F60-8B84-2644CC9D1086}.Debug|Any CPU.ActiveCfg = Debug|Any CPU
		{E8B132A4-1C54-4F60-8B84-2644CC9D1086}.Debug|Any CPU.Build.0 = Debug|Any CPU
		{E8B132A4-1C54-4F60-8B84-2644CC9D1086}.Debug|Mixed Platforms.ActiveCfg = Debug|Any CPU
		{E8B132A4-1C54-4F60-8B84-2644CC9D1086}.Debug|Mixed Platforms.Build.0 = Debug|Any CPU
		{E8B132A4-1C54-4F60-8B84-2644CC9D1086}.Debug|x86.ActiveCfg = Debug|Any CPU
		{E8B132A4-1C54-4F60-8B84-2644CC9D1086}.Debug|x86.Build.0 = Debug|Any CPU
		{E8B132A4-1C54-4F60-8B84-2644CC9D1086}.DebugLocal|Any CPU.ActiveCfg = Debug|Any CPU
		{E8B132A4-1C54-4F60-8B84-2644CC9D1086}.DebugLocal|Any CPU.Build.0 = Debug|Any CPU
		{E8B132A4-1C54-4F60-8B84-2644CC9D1086}.DebugLocal|Mixed Platforms.ActiveCfg = Debug|Any CPU
		{E8B132A4-1C54-4F60-8B84-2644CC9D1086}.DebugLocal|Mixed Platforms.Build.0 = Debug|Any CPU
		{E8B132A4-1C54-4F60-8B84-2644CC9D1086}.DebugLocal|x86.ActiveCfg = Debug|Any CPU
		{E8B132A4-1C54-4F60-8B84-2644CC9D1086}.DebugLocal|x86.Build.0 = Debug|Any CPU
		{E8B132A4-1C54-4F60-8B84-2644CC9D1086}.Release|Any CPU.ActiveCfg = Release|Any CPU
		{E8B132A4-1C54-4F60-8B84-2644CC9D1086}.Release|Any CPU.Build.0 = Release|Any CPU
		{E8B132A4-1C54-4F60-8B84-2644CC9D1086}.Release|Mixed Platforms.ActiveCfg = Release|Any CPU
		{E8B132A4-1C54-4F60-8B84-2644CC9D1086}.Release|Mixed Platforms.Build.0 = Release|Any CPU
		{E8B132A4-1C54-4F60-8B84-2644CC9D1086}.Release|x86.ActiveCfg = Release|Any CPU
		{E8B132A4-1C54-4F60-8B84-2644CC9D1086}.Release|x86.Build.0 = Release|Any CPU
		{47A0ABB9-333B-4BB4-BA2E-A973895FAF28}.Debug|Any CPU.ActiveCfg = Debug|Any CPU
		{47A0ABB9-333B-4BB4-BA2E-A973895FAF28}.Debug|Any CPU.Build.0 = Debug|Any CPU
		{47A0ABB9-333B-4BB4-BA2E-A973895FAF28}.Debug|Mixed Platforms.ActiveCfg = Debug|Any CPU
		{47A0ABB9-333B-4BB4-BA2E-A973895FAF28}.Debug|Mixed Platforms.Build.0 = Debug|Any CPU
		{47A0ABB9-333B-4BB4-BA2E-A973895FAF28}.Debug|x86.ActiveCfg = Debug|Any CPU
		{47A0ABB9-333B-4BB4-BA2E-A973895FAF28}.Debug|x86.Build.0 = Debug|Any CPU
		{47A0ABB9-333B-4BB4-BA2E-A973895FAF28}.DebugLocal|Any CPU.ActiveCfg = Debug|Any CPU
		{47A0ABB9-333B-4BB4-BA2E-A973895FAF28}.DebugLocal|Any CPU.Build.0 = Debug|Any CPU
		{47A0ABB9-333B-4BB4-BA2E-A973895FAF28}.DebugLocal|Mixed Platforms.ActiveCfg = Debug|Any CPU
		{47A0ABB9-333B-4BB4-BA2E-A973895FAF28}.DebugLocal|Mixed Platforms.Build.0 = Debug|Any CPU
		{47A0ABB9-333B-4BB4-BA2E-A973895FAF28}.DebugLocal|x86.ActiveCfg = Debug|Any CPU
		{47A0ABB9-333B-4BB4-BA2E-A973895FAF28}.DebugLocal|x86.Build.0 = Debug|Any CPU
		{47A0ABB9-333B-4BB4-BA2E-A973895FAF28}.Release|Any CPU.ActiveCfg = Release|Any CPU
		{47A0ABB9-333B-4BB4-BA2E-A973895FAF28}.Release|Any CPU.Build.0 = Release|Any CPU
		{47A0ABB9-333B-4BB4-BA2E-A973895FAF28}.Release|Mixed Platforms.ActiveCfg = Release|Any CPU
		{47A0ABB9-333B-4BB4-BA2E-A973895FAF28}.Release|Mixed Platforms.Build.0 = Release|Any CPU
		{47A0ABB9-333B-4BB4-BA2E-A973895FAF28}.Release|x86.ActiveCfg = Release|Any CPU
		{47A0ABB9-333B-4BB4-BA2E-A973895FAF28}.Release|x86.Build.0 = Release|Any CPU
		{829BF3FE-2784-4427-92EA-137D1E134FBC}.Debug|Any CPU.ActiveCfg = Debug|Any CPU
		{829BF3FE-2784-4427-92EA-137D1E134FBC}.Debug|Any CPU.Build.0 = Debug|Any CPU
		{829BF3FE-2784-4427-92EA-137D1E134FBC}.Debug|Mixed Platforms.ActiveCfg = Debug|Any CPU
		{829BF3FE-2784-4427-92EA-137D1E134FBC}.Debug|Mixed Platforms.Build.0 = Debug|Any CPU
		{829BF3FE-2784-4427-92EA-137D1E134FBC}.Debug|x86.ActiveCfg = Debug|Any CPU
		{829BF3FE-2784-4427-92EA-137D1E134FBC}.Debug|x86.Build.0 = Debug|Any CPU
		{829BF3FE-2784-4427-92EA-137D1E134FBC}.DebugLocal|Any CPU.ActiveCfg = Debug|Any CPU
		{829BF3FE-2784-4427-92EA-137D1E134FBC}.DebugLocal|Any CPU.Build.0 = Debug|Any CPU
		{829BF3FE-2784-4427-92EA-137D1E134FBC}.DebugLocal|Mixed Platforms.ActiveCfg = Debug|Any CPU
		{829BF3FE-2784-4427-92EA-137D1E134FBC}.DebugLocal|Mixed Platforms.Build.0 = Debug|Any CPU
		{829BF3FE-2784-4427-92EA-137D1E134FBC}.DebugLocal|x86.ActiveCfg = Debug|Any CPU
		{829BF3FE-2784-4427-92EA-137D1E134FBC}.DebugLocal|x86.Build.0 = Debug|Any CPU
		{829BF3FE-2784-4427-92EA-137D1E134FBC}.Release|Any CPU.ActiveCfg = Release|Any CPU
		{829BF3FE-2784-4427-92EA-137D1E134FBC}.Release|Any CPU.Build.0 = Release|Any CPU
		{829BF3FE-2784-4427-92EA-137D1E134FBC}.Release|Mixed Platforms.ActiveCfg = Release|Any CPU
		{829BF3FE-2784-4427-92EA-137D1E134FBC}.Release|Mixed Platforms.Build.0 = Release|Any CPU
		{829BF3FE-2784-4427-92EA-137D1E134FBC}.Release|x86.ActiveCfg = Release|Any CPU
		{829BF3FE-2784-4427-92EA-137D1E134FBC}.Release|x86.Build.0 = Release|Any CPU
		{6D154CDD-943D-4B25-BC0E-0B9007148230}.Debug|Any CPU.ActiveCfg = Debug|Any CPU
		{6D154CDD-943D-4B25-BC0E-0B9007148230}.Debug|Any CPU.Build.0 = Debug|Any CPU
		{6D154CDD-943D-4B25-BC0E-0B9007148230}.Debug|Mixed Platforms.ActiveCfg = Debug|Any CPU
		{6D154CDD-943D-4B25-BC0E-0B9007148230}.Debug|Mixed Platforms.Build.0 = Debug|Any CPU
		{6D154CDD-943D-4B25-BC0E-0B9007148230}.Debug|x86.ActiveCfg = Debug|Any CPU
		{6D154CDD-943D-4B25-BC0E-0B9007148230}.Debug|x86.Build.0 = Debug|Any CPU
		{6D154CDD-943D-4B25-BC0E-0B9007148230}.DebugLocal|Any CPU.ActiveCfg = Debug|Any CPU
		{6D154CDD-943D-4B25-BC0E-0B9007148230}.DebugLocal|Any CPU.Build.0 = Debug|Any CPU
		{6D154CDD-943D-4B25-BC0E-0B9007148230}.DebugLocal|Mixed Platforms.ActiveCfg = Debug|Any CPU
		{6D154CDD-943D-4B25-BC0E-0B9007148230}.DebugLocal|Mixed Platforms.Build.0 = Debug|Any CPU
		{6D154CDD-943D-4B25-BC0E-0B9007148230}.DebugLocal|x86.ActiveCfg = Debug|Any CPU
		{6D154CDD-943D-4B25-BC0E-0B9007148230}.DebugLocal|x86.Build.0 = Debug|Any CPU
		{6D154CDD-943D-4B25-BC0E-0B9007148230}.Release|Any CPU.ActiveCfg = Release|Any CPU
		{6D154CDD-943D-4B25-BC0E-0B9007148230}.Release|Any CPU.Build.0 = Release|Any CPU
		{6D154CDD-943D-4B25-BC0E-0B9007148230}.Release|Mixed Platforms.ActiveCfg = Release|Any CPU
		{6D154CDD-943D-4B25-BC0E-0B9007148230}.Release|Mixed Platforms.Build.0 = Release|Any CPU
		{6D154CDD-943D-4B25-BC0E-0B9007148230}.Release|x86.ActiveCfg = Release|Any CPU
		{6D154CDD-943D-4B25-BC0E-0B9007148230}.Release|x86.Build.0 = Release|Any CPU
		{59BD721A-A2A7-458E-9976-1EF19B2768D3}.Debug|Any CPU.ActiveCfg = Debug|Any CPU
		{59BD721A-A2A7-458E-9976-1EF19B2768D3}.Debug|Any CPU.Build.0 = Debug|Any CPU
		{59BD721A-A2A7-458E-9976-1EF19B2768D3}.Debug|Mixed Platforms.ActiveCfg = Debug|Any CPU
		{59BD721A-A2A7-458E-9976-1EF19B2768D3}.Debug|Mixed Platforms.Build.0 = Debug|Any CPU
		{59BD721A-A2A7-458E-9976-1EF19B2768D3}.Debug|x86.ActiveCfg = Debug|Any CPU
		{59BD721A-A2A7-458E-9976-1EF19B2768D3}.Debug|x86.Build.0 = Debug|Any CPU
		{59BD721A-A2A7-458E-9976-1EF19B2768D3}.DebugLocal|Any CPU.ActiveCfg = Debug|Any CPU
		{59BD721A-A2A7-458E-9976-1EF19B2768D3}.DebugLocal|Any CPU.Build.0 = Debug|Any CPU
		{59BD721A-A2A7-458E-9976-1EF19B2768D3}.DebugLocal|Mixed Platforms.ActiveCfg = Debug|Any CPU
		{59BD721A-A2A7-458E-9976-1EF19B2768D3}.DebugLocal|Mixed Platforms.Build.0 = Debug|Any CPU
		{59BD721A-A2A7-458E-9976-1EF19B2768D3}.DebugLocal|x86.ActiveCfg = Debug|Any CPU
		{59BD721A-A2A7-458E-9976-1EF19B2768D3}.DebugLocal|x86.Build.0 = Debug|Any CPU
		{59BD721A-A2A7-458E-9976-1EF19B2768D3}.Release|Any CPU.ActiveCfg = Release|Any CPU
		{59BD721A-A2A7-458E-9976-1EF19B2768D3}.Release|Any CPU.Build.0 = Release|Any CPU
		{59BD721A-A2A7-458E-9976-1EF19B2768D3}.Release|Mixed Platforms.ActiveCfg = Release|Any CPU
		{59BD721A-A2A7-458E-9976-1EF19B2768D3}.Release|Mixed Platforms.Build.0 = Release|Any CPU
		{59BD721A-A2A7-458E-9976-1EF19B2768D3}.Release|x86.ActiveCfg = Release|Any CPU
		{59BD721A-A2A7-458E-9976-1EF19B2768D3}.Release|x86.Build.0 = Release|Any CPU
		{F64F3CB5-CEED-4096-8A8B-9A0993E90F5A}.Debug|Any CPU.ActiveCfg = Debug|Any CPU
		{F64F3CB5-CEED-4096-8A8B-9A0993E90F5A}.Debug|Any CPU.Build.0 = Debug|Any CPU
		{F64F3CB5-CEED-4096-8A8B-9A0993E90F5A}.Debug|Mixed Platforms.ActiveCfg = Debug|Any CPU
		{F64F3CB5-CEED-4096-8A8B-9A0993E90F5A}.Debug|Mixed Platforms.Build.0 = Debug|Any CPU
		{F64F3CB5-CEED-4096-8A8B-9A0993E90F5A}.Debug|x86.ActiveCfg = Debug|Any CPU
		{F64F3CB5-CEED-4096-8A8B-9A0993E90F5A}.Debug|x86.Build.0 = Debug|Any CPU
		{F64F3CB5-CEED-4096-8A8B-9A0993E90F5A}.DebugLocal|Any CPU.ActiveCfg = Debug|Any CPU
		{F64F3CB5-CEED-4096-8A8B-9A0993E90F5A}.DebugLocal|Any CPU.Build.0 = Debug|Any CPU
		{F64F3CB5-CEED-4096-8A8B-9A0993E90F5A}.DebugLocal|Mixed Platforms.ActiveCfg = Debug|Any CPU
		{F64F3CB5-CEED-4096-8A8B-9A0993E90F5A}.DebugLocal|Mixed Platforms.Build.0 = Debug|Any CPU
		{F64F3CB5-CEED-4096-8A8B-9A0993E90F5A}.DebugLocal|x86.ActiveCfg = Debug|Any CPU
		{F64F3CB5-CEED-4096-8A8B-9A0993E90F5A}.DebugLocal|x86.Build.0 = Debug|Any CPU
		{F64F3CB5-CEED-4096-8A8B-9A0993E90F5A}.Release|Any CPU.ActiveCfg = Release|Any CPU
		{F64F3CB5-CEED-4096-8A8B-9A0993E90F5A}.Release|Any CPU.Build.0 = Release|Any CPU
		{F64F3CB5-CEED-4096-8A8B-9A0993E90F5A}.Release|Mixed Platforms.ActiveCfg = Release|Any CPU
		{F64F3CB5-CEED-4096-8A8B-9A0993E90F5A}.Release|Mixed Platforms.Build.0 = Release|Any CPU
		{F64F3CB5-CEED-4096-8A8B-9A0993E90F5A}.Release|x86.ActiveCfg = Release|Any CPU
		{F64F3CB5-CEED-4096-8A8B-9A0993E90F5A}.Release|x86.Build.0 = Release|Any CPU
		{6C34F657-CAAC-4C8C-9A0D-FE5C9213EC57}.Debug|Any CPU.ActiveCfg = Debug|Any CPU
		{6C34F657-CAAC-4C8C-9A0D-FE5C9213EC57}.Debug|Any CPU.Build.0 = Debug|Any CPU
		{6C34F657-CAAC-4C8C-9A0D-FE5C9213EC57}.Debug|Mixed Platforms.ActiveCfg = Debug|Any CPU
		{6C34F657-CAAC-4C8C-9A0D-FE5C9213EC57}.Debug|Mixed Platforms.Build.0 = Debug|Any CPU
		{6C34F657-CAAC-4C8C-9A0D-FE5C9213EC57}.Debug|x86.ActiveCfg = Debug|Any CPU
		{6C34F657-CAAC-4C8C-9A0D-FE5C9213EC57}.Debug|x86.Build.0 = Debug|Any CPU
		{6C34F657-CAAC-4C8C-9A0D-FE5C9213EC57}.DebugLocal|Any CPU.ActiveCfg = Debug|Any CPU
		{6C34F657-CAAC-4C8C-9A0D-FE5C9213EC57}.DebugLocal|Any CPU.Build.0 = Debug|Any CPU
		{6C34F657-CAAC-4C8C-9A0D-FE5C9213EC57}.DebugLocal|Mixed Platforms.ActiveCfg = Debug|Any CPU
		{6C34F657-CAAC-4C8C-9A0D-FE5C9213EC57}.DebugLocal|Mixed Platforms.Build.0 = Debug|Any CPU
		{6C34F657-CAAC-4C8C-9A0D-FE5C9213EC57}.DebugLocal|x86.ActiveCfg = Debug|Any CPU
		{6C34F657-CAAC-4C8C-9A0D-FE5C9213EC57}.DebugLocal|x86.Build.0 = Debug|Any CPU
		{6C34F657-CAAC-4C8C-9A0D-FE5C9213EC57}.Release|Any CPU.ActiveCfg = Release|Any CPU
		{6C34F657-CAAC-4C8C-9A0D-FE5C9213EC57}.Release|Any CPU.Build.0 = Release|Any CPU
		{6C34F657-CAAC-4C8C-9A0D-FE5C9213EC57}.Release|Mixed Platforms.ActiveCfg = Release|Any CPU
		{6C34F657-CAAC-4C8C-9A0D-FE5C9213EC57}.Release|Mixed Platforms.Build.0 = Release|Any CPU
		{6C34F657-CAAC-4C8C-9A0D-FE5C9213EC57}.Release|x86.ActiveCfg = Release|Any CPU
		{6C34F657-CAAC-4C8C-9A0D-FE5C9213EC57}.Release|x86.Build.0 = Release|Any CPU
		{F584F2A7-AFD6-4EE1-948B-98C186E1CE81}.Debug|Any CPU.ActiveCfg = Debug|Any CPU
		{F584F2A7-AFD6-4EE1-948B-98C186E1CE81}.Debug|Any CPU.Build.0 = Debug|Any CPU
		{F584F2A7-AFD6-4EE1-948B-98C186E1CE81}.Debug|Mixed Platforms.ActiveCfg = Debug|Any CPU
		{F584F2A7-AFD6-4EE1-948B-98C186E1CE81}.Debug|Mixed Platforms.Build.0 = Debug|Any CPU
		{F584F2A7-AFD6-4EE1-948B-98C186E1CE81}.Debug|x86.ActiveCfg = Debug|Any CPU
		{F584F2A7-AFD6-4EE1-948B-98C186E1CE81}.Debug|x86.Build.0 = Debug|Any CPU
		{F584F2A7-AFD6-4EE1-948B-98C186E1CE81}.DebugLocal|Any CPU.ActiveCfg = Debug|Any CPU
		{F584F2A7-AFD6-4EE1-948B-98C186E1CE81}.DebugLocal|Any CPU.Build.0 = Debug|Any CPU
		{F584F2A7-AFD6-4EE1-948B-98C186E1CE81}.DebugLocal|Mixed Platforms.ActiveCfg = Debug|Any CPU
		{F584F2A7-AFD6-4EE1-948B-98C186E1CE81}.DebugLocal|Mixed Platforms.Build.0 = Debug|Any CPU
		{F584F2A7-AFD6-4EE1-948B-98C186E1CE81}.DebugLocal|x86.ActiveCfg = Debug|Any CPU
		{F584F2A7-AFD6-4EE1-948B-98C186E1CE81}.DebugLocal|x86.Build.0 = Debug|Any CPU
		{F584F2A7-AFD6-4EE1-948B-98C186E1CE81}.Release|Any CPU.ActiveCfg = Release|Any CPU
		{F584F2A7-AFD6-4EE1-948B-98C186E1CE81}.Release|Any CPU.Build.0 = Release|Any CPU
		{F584F2A7-AFD6-4EE1-948B-98C186E1CE81}.Release|Mixed Platforms.ActiveCfg = Release|Any CPU
		{F584F2A7-AFD6-4EE1-948B-98C186E1CE81}.Release|Mixed Platforms.Build.0 = Release|Any CPU
		{F584F2A7-AFD6-4EE1-948B-98C186E1CE81}.Release|x86.ActiveCfg = Release|Any CPU
		{F584F2A7-AFD6-4EE1-948B-98C186E1CE81}.Release|x86.Build.0 = Release|Any CPU
		{556E9FB5-CD7A-4ED6-8E58-4CB456CEB8BB}.Debug|Any CPU.ActiveCfg = Debug|Any CPU
		{556E9FB5-CD7A-4ED6-8E58-4CB456CEB8BB}.Debug|Any CPU.Build.0 = Debug|Any CPU
		{556E9FB5-CD7A-4ED6-8E58-4CB456CEB8BB}.Debug|Mixed Platforms.ActiveCfg = Debug|Any CPU
		{556E9FB5-CD7A-4ED6-8E58-4CB456CEB8BB}.Debug|Mixed Platforms.Build.0 = Debug|Any CPU
		{556E9FB5-CD7A-4ED6-8E58-4CB456CEB8BB}.Debug|x86.ActiveCfg = Debug|Any CPU
		{556E9FB5-CD7A-4ED6-8E58-4CB456CEB8BB}.Debug|x86.Build.0 = Debug|Any CPU
		{556E9FB5-CD7A-4ED6-8E58-4CB456CEB8BB}.DebugLocal|Any CPU.ActiveCfg = Debug|Any CPU
		{556E9FB5-CD7A-4ED6-8E58-4CB456CEB8BB}.DebugLocal|Any CPU.Build.0 = Debug|Any CPU
		{556E9FB5-CD7A-4ED6-8E58-4CB456CEB8BB}.DebugLocal|Mixed Platforms.ActiveCfg = Debug|Any CPU
		{556E9FB5-CD7A-4ED6-8E58-4CB456CEB8BB}.DebugLocal|Mixed Platforms.Build.0 = Debug|Any CPU
		{556E9FB5-CD7A-4ED6-8E58-4CB456CEB8BB}.DebugLocal|x86.ActiveCfg = Debug|Any CPU
		{556E9FB5-CD7A-4ED6-8E58-4CB456CEB8BB}.DebugLocal|x86.Build.0 = Debug|Any CPU
		{556E9FB5-CD7A-4ED6-8E58-4CB456CEB8BB}.Release|Any CPU.ActiveCfg = Release|Any CPU
		{556E9FB5-CD7A-4ED6-8E58-4CB456CEB8BB}.Release|Any CPU.Build.0 = Release|Any CPU
		{556E9FB5-CD7A-4ED6-8E58-4CB456CEB8BB}.Release|Mixed Platforms.ActiveCfg = Release|Any CPU
		{556E9FB5-CD7A-4ED6-8E58-4CB456CEB8BB}.Release|Mixed Platforms.Build.0 = Release|Any CPU
		{556E9FB5-CD7A-4ED6-8E58-4CB456CEB8BB}.Release|x86.ActiveCfg = Release|Any CPU
		{556E9FB5-CD7A-4ED6-8E58-4CB456CEB8BB}.Release|x86.Build.0 = Release|Any CPU
		{75471803-1DEC-44AE-8699-DAFE1334BFBF}.Debug|Any CPU.ActiveCfg = Debug|Any CPU
		{75471803-1DEC-44AE-8699-DAFE1334BFBF}.Debug|Any CPU.Build.0 = Debug|Any CPU
		{75471803-1DEC-44AE-8699-DAFE1334BFBF}.Debug|Mixed Platforms.ActiveCfg = Debug|Any CPU
		{75471803-1DEC-44AE-8699-DAFE1334BFBF}.Debug|Mixed Platforms.Build.0 = Debug|Any CPU
		{75471803-1DEC-44AE-8699-DAFE1334BFBF}.Debug|x86.ActiveCfg = Debug|Any CPU
		{75471803-1DEC-44AE-8699-DAFE1334BFBF}.Debug|x86.Build.0 = Debug|Any CPU
		{75471803-1DEC-44AE-8699-DAFE1334BFBF}.DebugLocal|Any CPU.ActiveCfg = Debug|Any CPU
		{75471803-1DEC-44AE-8699-DAFE1334BFBF}.DebugLocal|Any CPU.Build.0 = Debug|Any CPU
		{75471803-1DEC-44AE-8699-DAFE1334BFBF}.DebugLocal|Mixed Platforms.ActiveCfg = Debug|Any CPU
		{75471803-1DEC-44AE-8699-DAFE1334BFBF}.DebugLocal|Mixed Platforms.Build.0 = Debug|Any CPU
		{75471803-1DEC-44AE-8699-DAFE1334BFBF}.DebugLocal|x86.ActiveCfg = Debug|Any CPU
		{75471803-1DEC-44AE-8699-DAFE1334BFBF}.DebugLocal|x86.Build.0 = Debug|Any CPU
		{75471803-1DEC-44AE-8699-DAFE1334BFBF}.Release|Any CPU.ActiveCfg = Release|Any CPU
		{75471803-1DEC-44AE-8699-DAFE1334BFBF}.Release|Any CPU.Build.0 = Release|Any CPU
		{75471803-1DEC-44AE-8699-DAFE1334BFBF}.Release|Mixed Platforms.ActiveCfg = Release|Any CPU
		{75471803-1DEC-44AE-8699-DAFE1334BFBF}.Release|Mixed Platforms.Build.0 = Release|Any CPU
		{75471803-1DEC-44AE-8699-DAFE1334BFBF}.Release|x86.ActiveCfg = Release|Any CPU
		{75471803-1DEC-44AE-8699-DAFE1334BFBF}.Release|x86.Build.0 = Release|Any CPU
		{3EC72846-1BA2-44CF-9511-D7622607589A}.Debug|Any CPU.ActiveCfg = Debug|Any CPU
		{3EC72846-1BA2-44CF-9511-D7622607589A}.Debug|Any CPU.Build.0 = Debug|Any CPU
		{3EC72846-1BA2-44CF-9511-D7622607589A}.Debug|Mixed Platforms.ActiveCfg = Debug|Any CPU
		{3EC72846-1BA2-44CF-9511-D7622607589A}.Debug|Mixed Platforms.Build.0 = Debug|Any CPU
		{3EC72846-1BA2-44CF-9511-D7622607589A}.Debug|x86.ActiveCfg = Debug|Any CPU
		{3EC72846-1BA2-44CF-9511-D7622607589A}.Debug|x86.Build.0 = Debug|Any CPU
		{3EC72846-1BA2-44CF-9511-D7622607589A}.DebugLocal|Any CPU.ActiveCfg = Debug|Any CPU
		{3EC72846-1BA2-44CF-9511-D7622607589A}.DebugLocal|Any CPU.Build.0 = Debug|Any CPU
		{3EC72846-1BA2-44CF-9511-D7622607589A}.DebugLocal|Mixed Platforms.ActiveCfg = Debug|Any CPU
		{3EC72846-1BA2-44CF-9511-D7622607589A}.DebugLocal|Mixed Platforms.Build.0 = Debug|Any CPU
		{3EC72846-1BA2-44CF-9511-D7622607589A}.DebugLocal|x86.ActiveCfg = Debug|Any CPU
		{3EC72846-1BA2-44CF-9511-D7622607589A}.DebugLocal|x86.Build.0 = Debug|Any CPU
		{3EC72846-1BA2-44CF-9511-D7622607589A}.Release|Any CPU.ActiveCfg = Release|Any CPU
		{3EC72846-1BA2-44CF-9511-D7622607589A}.Release|Any CPU.Build.0 = Release|Any CPU
		{3EC72846-1BA2-44CF-9511-D7622607589A}.Release|Mixed Platforms.ActiveCfg = Release|Any CPU
		{3EC72846-1BA2-44CF-9511-D7622607589A}.Release|Mixed Platforms.Build.0 = Release|Any CPU
		{3EC72846-1BA2-44CF-9511-D7622607589A}.Release|x86.ActiveCfg = Release|Any CPU
		{3EC72846-1BA2-44CF-9511-D7622607589A}.Release|x86.Build.0 = Release|Any CPU
		{3BF79376-C31F-4778-A7CB-C7E7CB524016}.Debug|Any CPU.ActiveCfg = Debug|Any CPU
		{3BF79376-C31F-4778-A7CB-C7E7CB524016}.Debug|Any CPU.Build.0 = Debug|Any CPU
		{3BF79376-C31F-4778-A7CB-C7E7CB524016}.Debug|Mixed Platforms.ActiveCfg = Debug|Any CPU
		{3BF79376-C31F-4778-A7CB-C7E7CB524016}.Debug|Mixed Platforms.Build.0 = Debug|Any CPU
		{3BF79376-C31F-4778-A7CB-C7E7CB524016}.Debug|x86.ActiveCfg = Debug|Any CPU
		{3BF79376-C31F-4778-A7CB-C7E7CB524016}.Debug|x86.Build.0 = Debug|Any CPU
		{3BF79376-C31F-4778-A7CB-C7E7CB524016}.DebugLocal|Any CPU.ActiveCfg = Debug|Any CPU
		{3BF79376-C31F-4778-A7CB-C7E7CB524016}.DebugLocal|Any CPU.Build.0 = Debug|Any CPU
		{3BF79376-C31F-4778-A7CB-C7E7CB524016}.DebugLocal|Mixed Platforms.ActiveCfg = Debug|Any CPU
		{3BF79376-C31F-4778-A7CB-C7E7CB524016}.DebugLocal|Mixed Platforms.Build.0 = Debug|Any CPU
		{3BF79376-C31F-4778-A7CB-C7E7CB524016}.DebugLocal|x86.ActiveCfg = Debug|Any CPU
		{3BF79376-C31F-4778-A7CB-C7E7CB524016}.DebugLocal|x86.Build.0 = Debug|Any CPU
		{3BF79376-C31F-4778-A7CB-C7E7CB524016}.Release|Any CPU.ActiveCfg = Release|Any CPU
		{3BF79376-C31F-4778-A7CB-C7E7CB524016}.Release|Any CPU.Build.0 = Release|Any CPU
		{3BF79376-C31F-4778-A7CB-C7E7CB524016}.Release|Mixed Platforms.ActiveCfg = Release|Any CPU
		{3BF79376-C31F-4778-A7CB-C7E7CB524016}.Release|Mixed Platforms.Build.0 = Release|Any CPU
		{3BF79376-C31F-4778-A7CB-C7E7CB524016}.Release|x86.ActiveCfg = Release|Any CPU
		{3BF79376-C31F-4778-A7CB-C7E7CB524016}.Release|x86.Build.0 = Release|Any CPU
	EndGlobalSection
	GlobalSection(SolutionProperties) = preSolution
		HideSolutionNode = FALSE
	EndGlobalSection
	GlobalSection(NestedProjects) = preSolution
		{5C2D11D0-2FFA-4E80-8AEA-2FA82FD323E0} = {354192E6-8CCC-47BD-A1E7-F2D18C0E5E87}
		{A8963003-DA4B-4D2A-A644-90C3076AD445} = {354192E6-8CCC-47BD-A1E7-F2D18C0E5E87}
		{15A9548E-FDF2-415C-BDAB-92AEF00A6156} = {354192E6-8CCC-47BD-A1E7-F2D18C0E5E87}
		{FEA48E22-51E6-4FFB-85F2-CBA98D113317} = {354192E6-8CCC-47BD-A1E7-F2D18C0E5E87}
		{1086693C-802F-4207-93E5-1EEE66A94988} = {354192E6-8CCC-47BD-A1E7-F2D18C0E5E87}
		{95843B67-086E-4B19-B769-B3DC8B793CBA} = {354192E6-8CCC-47BD-A1E7-F2D18C0E5E87}
		{2D8084A6-CA17-470B-96FB-68B8853EA3FE} = {79B76A6B-3126-4082-9096-5ABAF6C32268}
		{4BE1C2B6-F1B5-4170-A2CA-9E591FA4E8C8} = {354192E6-8CCC-47BD-A1E7-F2D18C0E5E87}
		{B584D1BB-125D-4324-BEA5-C49A028E9094} = {79B76A6B-3126-4082-9096-5ABAF6C32268}
		{8902D009-7ABB-4EF7-B225-E3D777A6D29D} = {79B76A6B-3126-4082-9096-5ABAF6C32268}
		{3B365B31-CDE6-4F7D-9BAD-4DAC224CF815} = {79B76A6B-3126-4082-9096-5ABAF6C32268}
		{03A54CF9-4A5E-4F91-9B33-2C4BDFB50D07} = {354192E6-8CCC-47BD-A1E7-F2D18C0E5E87}
		{FB8D305E-4CBF-419F-A1CA-6102712752EE} = {354192E6-8CCC-47BD-A1E7-F2D18C0E5E87}
		{6611C3E6-D0C0-46C4-894E-CA1F3FE5622E} = {354192E6-8CCC-47BD-A1E7-F2D18C0E5E87}
		{E8B132A4-1C54-4F60-8B84-2644CC9D1086} = {8D0C1AD1-BB5B-4E13-94B0-577118BA5362}
		{47A0ABB9-333B-4BB4-BA2E-A973895FAF28} = {8D0C1AD1-BB5B-4E13-94B0-577118BA5362}
		{829BF3FE-2784-4427-92EA-137D1E134FBC} = {88360CFA-75B0-4744-AA0B-97A01503ECEB}
		{F64F3CB5-CEED-4096-8A8B-9A0993E90F5A} = {2FB26967-593B-44AD-B6A6-9A76CF144AF9}
		{6C34F657-CAAC-4C8C-9A0D-FE5C9213EC57} = {79B76A6B-3126-4082-9096-5ABAF6C32268}
		{F584F2A7-AFD6-4EE1-948B-98C186E1CE81} = {2FB26967-593B-44AD-B6A6-9A76CF144AF9}
		{FACF6869-529A-419E-8CDD-F1E9A81DE45C} = {DA85EFB9-1DBC-4E0C-BD05-0E85A77F06F2}
		{0E6386AE-EA93-4F65-8B1A-17A357F82D0D} = {DA85EFB9-1DBC-4E0C-BD05-0E85A77F06F2}
		{35421039-CF08-4647-9707-E6A10CE2AAC5} = {FACF6869-529A-419E-8CDD-F1E9A81DE45C}
		{DEEF14CB-FF21-4E3B-A085-8AD3870ADBFB} = {FACF6869-529A-419E-8CDD-F1E9A81DE45C}
		{556E9FB5-CD7A-4ED6-8E58-4CB456CEB8BB} = {839ED792-E90A-40D2-80D2-63EF543E0F3B}
		{75471803-1DEC-44AE-8699-DAFE1334BFBF} = {839ED792-E90A-40D2-80D2-63EF543E0F3B}
		{3EC72846-1BA2-44CF-9511-D7622607589A} = {839ED792-E90A-40D2-80D2-63EF543E0F3B}
		{3BF79376-C31F-4778-A7CB-C7E7CB524016} = {839ED792-E90A-40D2-80D2-63EF543E0F3B}
	EndGlobalSection
EndGlobal
